
Microsoft Visual Studio Solution File, Format Version 12.00
# Visual Studio 15
VisualStudioVersion = 15.0.28307.1145
MinimumVisualStudioVersion = 10.0.40219.1
Project("{F184B08F-C81C-45F6-A57F-5ABD9991F28F}") = "BATDLL", "BATDLL\BATDLL.vbproj", "{93D79FDA-ED10-4DED-9C5F-7416068DA0E5}"
EndProject
Project("{F184B08F-C81C-45F6-A57F-5ABD9991F28F}") = "CB00001TBLexport", "GRBATCH\CB00001TBLexport\CB00001TBLexport.vbproj", "{EFE44C2E-CBEA-460C-91D4-AF8087D79F49}"
EndProject
Project("{F184B08F-C81C-45F6-A57F-5ABD9991F28F}") = "CB00002TBLimport", "GRBATCH\CB00002TBLimport\CB00002TBLimport.vbproj", "{7C9FA5DF-5E8B-402D-8F42-F750087271B4}"
EndProject
Project("{F184B08F-C81C-45F6-A57F-5ABD9991F28F}") = "CB00003FolderCopy", "GRBATCH\CB00003FolderCopy\CB00003FolderCopy.vbproj", "{B7E40F2E-242C-4C92-AF09-9ABCC8BC235E}"
EndProject
Project("{F184B08F-C81C-45F6-A57F-5ABD9991F28F}") = "CB00004SendYmdUPD", "GRBATCH\CB00004SendYmdUPD\CB00004SendYmdUPD.vbproj", "{FD0D13B9-A20C-44D2-8BF5-C22F5751F5D2}"
EndProject
Project("{F184B08F-C81C-45F6-A57F-5ABD9991F28F}") = "CB00005TBLselect", "GRBATCH\CB00005TBLselect\CB00005TBLselect.vbproj", "{C9AAD7FD-A22C-44FA-882D-FD04FA1D470B}"
EndProject
Project("{F184B08F-C81C-45F6-A57F-5ABD9991F28F}") = "CB00005TBLselect2", "GRBATCH\CB00005TBLselect2\CB00005TBLselect2.vbproj", "{7A54DFCE-D57C-46B4-AC22-5C08A8D45957}"
EndProject
Project("{F184B08F-C81C-45F6-A57F-5ABD9991F28F}") = "CB00006FileMove", "GRBATCH\CB00006FileMove\CB00006FileMove.vbproj", "{BB6A8138-CAD0-4176-948A-87899DE8C67D}"
EndProject
Project("{F184B08F-C81C-45F6-A57F-5ABD9991F28F}") = "CB00006FileMove2", "GRBATCH\CB00006FileMove2\CB00006FileMove2.vbproj", "{DE95008F-05C0-465B-84C1-113A605AD559}"
EndProject
Project("{F184B08F-C81C-45F6-A57F-5ABD9991F28F}") = "CB00007FTPSEND", "GRBATCH\CB00007FTPSEND\CB00007FTPSEND.vbproj", "{ACDCEAA8-C55B-49FC-A31A-A6107644416B}"
EndProject
Project("{F184B08F-C81C-45F6-A57F-5ABD9991F28F}") = "CB00008TBLupdate", "GRBATCH\CB00008TBLupdate\CB00008TBLupdate.vbproj", "{349AB239-1E6E-432C-A4C9-3025DA7A55BD}"
EndProject
Project("{F184B08F-C81C-45F6-A57F-5ABD9991F28F}") = "CB00008TBLupdate2", "GRBATCH\CB00008TBLupdate2\CB00008TBLupdate2.vbproj", "{208A6439-1214-4108-9F83-D8F6A5B89F46}"
EndProject
Project("{F184B08F-C81C-45F6-A57F-5ABD9991F28F}") = "CB00008TBLupdate3", "GRBATCH\CB00008TBLupdate3\CB00008TBLupdate3.vbproj", "{35B4FB2F-36BB-42B8-B27A-9B31A86E8455}"
EndProject
Project("{F184B08F-C81C-45F6-A57F-5ABD9991F28F}") = "CB00009FileUpdate", "GRBATCH\CB00009FileUpdate\CB00009FileUpdate.vbproj", "{12043BB3-54B8-42AF-B1BC-1B591866EE0D}"
EndProject
Project("{F184B08F-C81C-45F6-A57F-5ABD9991F28F}") = "CB00009FileUpdate2", "GRBATCH\CB00009FileUpdate2\CB00009FileUpdate2.vbproj", "{040FC76E-4E8B-4993-A1B5-2EFC11ED3219}"
EndProject
Project("{F184B08F-C81C-45F6-A57F-5ABD9991F28F}") = "CB00010FileDistribute", "GRBATCH\CB00010FileDistribute\CB00010FileDistribute.vbproj", "{BD9762DF-AAD0-4094-848F-A0B719D0A906}"
EndProject
Project("{F184B08F-C81C-45F6-A57F-5ABD9991F28F}") = "CB00012Zip", "GRBATCH\CB00012Zip\CB00012Zip.vbproj", "{0B4F3644-85FD-49A9-A280-442BE7E8597E}"
EndProject
Project("{F184B08F-C81C-45F6-A57F-5ABD9991F28F}") = "CB00013LIBSEND", "GRBATCH\CB00013LIBSEND\CB00013LIBSEND.vbproj", "{9DAC04E3-DB90-4E65-B654-DD9ADA558501}"
EndProject
Project("{F184B08F-C81C-45F6-A57F-5ABD9991F28F}") = "CB00014DBARCHIVE", "GRBATCH\CB00014DBARCHIVE\CB00014DBARCHIVE.vbproj", "{FBF88C6C-9527-4093-94AA-5CC05ECFB4FC}"
EndProject
Project("{F184B08F-C81C-45F6-A57F-5ABD9991F28F}") = "CB00015KoueiMaster", "GRBATCH\CB00015KoueiMaster\CB00015KoueiMaster.vbproj", "{8750B602-2EDF-4C9A-AE00-2A563AA8B1D4}"
EndProject
Project("{F184B08F-C81C-45F6-A57F-5ABD9991F28F}") = "T5_RESQUE", "GRBATCH\T5_RESQUE\T5_RESQUE.vbproj", "{4F2A3B26-9826-41D6-B192-4C4A3401B7C5}"
EndProject
Project("{F184B08F-C81C-45F6-A57F-5ABD9991F28F}") = "T7_RESQUE", "GRBATCH\T7_RESQUE\T7_RESQUE.vbproj", "{86C9FDE0-806C-4EE2-926F-D5A16454B1C1}"
EndProject
Project("{F184B08F-C81C-45F6-A57F-5ABD9991F28F}") = "CB00011JobControl", "GRBATCH\CB00011JobControl\CB00011JobControl\CB00011JobControl.vbproj", "{8BF5907C-24DA-40C4-8C8D-6CB522629F33}"
EndProject
Project("{54435603-DBB4-11D2-8724-00A0C9A8B90C}") = "CB00011JobControlSetUp", "GRBATCH\CB00011JobControl\CB00011JobControlSetUp\CB00011JobControlSetUp.vdproj", "{4AD3DA4D-DFE7-4A65-9F74-18E56C7C4150}"
EndProject
Project("{F184B08F-C81C-45F6-A57F-5ABD9991F28F}") = "CB00016KoueiOrderDel", "GRBATCH\CB00016KoueiOrderDel\CB00016KoueiOrderDel.vbproj", "{1A311C9D-CF5C-4184-BE40-31EF9AF0E1C9}"
EndProject
Global
	GlobalSection(SolutionConfigurationPlatforms) = preSolution
		Debug|Any CPU = Debug|Any CPU
		Release|Any CPU = Release|Any CPU
	EndGlobalSection
	GlobalSection(ProjectConfigurationPlatforms) = postSolution
		{93D79FDA-ED10-4DED-9C5F-7416068DA0E5}.Debug|Any CPU.ActiveCfg = Debug|Any CPU
		{93D79FDA-ED10-4DED-9C5F-7416068DA0E5}.Debug|Any CPU.Build.0 = Debug|Any CPU
		{93D79FDA-ED10-4DED-9C5F-7416068DA0E5}.Release|Any CPU.ActiveCfg = Release|Any CPU
		{93D79FDA-ED10-4DED-9C5F-7416068DA0E5}.Release|Any CPU.Build.0 = Release|Any CPU
		{EFE44C2E-CBEA-460C-91D4-AF8087D79F49}.Debug|Any CPU.ActiveCfg = Debug|Any CPU
		{EFE44C2E-CBEA-460C-91D4-AF8087D79F49}.Debug|Any CPU.Build.0 = Debug|Any CPU
		{EFE44C2E-CBEA-460C-91D4-AF8087D79F49}.Release|Any CPU.ActiveCfg = Release|Any CPU
		{EFE44C2E-CBEA-460C-91D4-AF8087D79F49}.Release|Any CPU.Build.0 = Release|Any CPU
		{7C9FA5DF-5E8B-402D-8F42-F750087271B4}.Debug|Any CPU.ActiveCfg = Debug|Any CPU
		{7C9FA5DF-5E8B-402D-8F42-F750087271B4}.Debug|Any CPU.Build.0 = Debug|Any CPU
		{7C9FA5DF-5E8B-402D-8F42-F750087271B4}.Release|Any CPU.ActiveCfg = Release|Any CPU
		{7C9FA5DF-5E8B-402D-8F42-F750087271B4}.Release|Any CPU.Build.0 = Release|Any CPU
		{B7E40F2E-242C-4C92-AF09-9ABCC8BC235E}.Debug|Any CPU.ActiveCfg = Debug|Any CPU
		{B7E40F2E-242C-4C92-AF09-9ABCC8BC235E}.Debug|Any CPU.Build.0 = Debug|Any CPU
		{B7E40F2E-242C-4C92-AF09-9ABCC8BC235E}.Release|Any CPU.ActiveCfg = Release|Any CPU
		{B7E40F2E-242C-4C92-AF09-9ABCC8BC235E}.Release|Any CPU.Build.0 = Release|Any CPU
		{FD0D13B9-A20C-44D2-8BF5-C22F5751F5D2}.Debug|Any CPU.ActiveCfg = Debug|Any CPU
		{FD0D13B9-A20C-44D2-8BF5-C22F5751F5D2}.Debug|Any CPU.Build.0 = Debug|Any CPU
		{FD0D13B9-A20C-44D2-8BF5-C22F5751F5D2}.Release|Any CPU.ActiveCfg = Release|Any CPU
		{FD0D13B9-A20C-44D2-8BF5-C22F5751F5D2}.Release|Any CPU.Build.0 = Release|Any CPU
		{C9AAD7FD-A22C-44FA-882D-FD04FA1D470B}.Debug|Any CPU.ActiveCfg = Debug|Any CPU
		{C9AAD7FD-A22C-44FA-882D-FD04FA1D470B}.Debug|Any CPU.Build.0 = Debug|Any CPU
		{C9AAD7FD-A22C-44FA-882D-FD04FA1D470B}.Release|Any CPU.ActiveCfg = Release|Any CPU
		{C9AAD7FD-A22C-44FA-882D-FD04FA1D470B}.Release|Any CPU.Build.0 = Release|Any CPU
		{7A54DFCE-D57C-46B4-AC22-5C08A8D45957}.Debug|Any CPU.ActiveCfg = Debug|Any CPU
		{7A54DFCE-D57C-46B4-AC22-5C08A8D45957}.Debug|Any CPU.Build.0 = Debug|Any CPU
		{7A54DFCE-D57C-46B4-AC22-5C08A8D45957}.Release|Any CPU.ActiveCfg = Release|Any CPU
		{7A54DFCE-D57C-46B4-AC22-5C08A8D45957}.Release|Any CPU.Build.0 = Release|Any CPU
		{BB6A8138-CAD0-4176-948A-87899DE8C67D}.Debug|Any CPU.ActiveCfg = Debug|Any CPU
		{BB6A8138-CAD0-4176-948A-87899DE8C67D}.Debug|Any CPU.Build.0 = Debug|Any CPU
		{BB6A8138-CAD0-4176-948A-87899DE8C67D}.Release|Any CPU.ActiveCfg = Release|Any CPU
		{BB6A8138-CAD0-4176-948A-87899DE8C67D}.Release|Any CPU.Build.0 = Release|Any CPU
		{DE95008F-05C0-465B-84C1-113A605AD559}.Debug|Any CPU.ActiveCfg = Debug|Any CPU
		{DE95008F-05C0-465B-84C1-113A605AD559}.Debug|Any CPU.Build.0 = Debug|Any CPU
		{DE95008F-05C0-465B-84C1-113A605AD559}.Release|Any CPU.ActiveCfg = Release|Any CPU
		{DE95008F-05C0-465B-84C1-113A605AD559}.Release|Any CPU.Build.0 = Release|Any CPU
		{ACDCEAA8-C55B-49FC-A31A-A6107644416B}.Debug|Any CPU.ActiveCfg = Debug|Any CPU
		{ACDCEAA8-C55B-49FC-A31A-A6107644416B}.Debug|Any CPU.Build.0 = Debug|Any CPU
		{ACDCEAA8-C55B-49FC-A31A-A6107644416B}.Release|Any CPU.ActiveCfg = Release|Any CPU
		{ACDCEAA8-C55B-49FC-A31A-A6107644416B}.Release|Any CPU.Build.0 = Release|Any CPU
		{349AB239-1E6E-432C-A4C9-3025DA7A55BD}.Debug|Any CPU.ActiveCfg = Debug|Any CPU
		{349AB239-1E6E-432C-A4C9-3025DA7A55BD}.Debug|Any CPU.Build.0 = Debug|Any CPU
		{349AB239-1E6E-432C-A4C9-3025DA7A55BD}.Release|Any CPU.ActiveCfg = Release|Any CPU
		{349AB239-1E6E-432C-A4C9-3025DA7A55BD}.Release|Any CPU.Build.0 = Release|Any CPU
		{208A6439-1214-4108-9F83-D8F6A5B89F46}.Debug|Any CPU.ActiveCfg = Debug|Any CPU
		{208A6439-1214-4108-9F83-D8F6A5B89F46}.Debug|Any CPU.Build.0 = Debug|Any CPU
		{208A6439-1214-4108-9F83-D8F6A5B89F46}.Release|Any CPU.ActiveCfg = Release|Any CPU
		{208A6439-1214-4108-9F83-D8F6A5B89F46}.Release|Any CPU.Build.0 = Release|Any CPU
		{35B4FB2F-36BB-42B8-B27A-9B31A86E8455}.Debug|Any CPU.ActiveCfg = Debug|Any CPU
		{35B4FB2F-36BB-42B8-B27A-9B31A86E8455}.Debug|Any CPU.Build.0 = Debug|Any CPU
		{35B4FB2F-36BB-42B8-B27A-9B31A86E8455}.Release|Any CPU.ActiveCfg = Release|Any CPU
		{35B4FB2F-36BB-42B8-B27A-9B31A86E8455}.Release|Any CPU.Build.0 = Release|Any CPU
		{12043BB3-54B8-42AF-B1BC-1B591866EE0D}.Debug|Any CPU.ActiveCfg = Debug|Any CPU
		{12043BB3-54B8-42AF-B1BC-1B591866EE0D}.Debug|Any CPU.Build.0 = Debug|Any CPU
		{12043BB3-54B8-42AF-B1BC-1B591866EE0D}.Release|Any CPU.ActiveCfg = Release|Any CPU
		{12043BB3-54B8-42AF-B1BC-1B591866EE0D}.Release|Any CPU.Build.0 = Release|Any CPU
		{040FC76E-4E8B-4993-A1B5-2EFC11ED3219}.Debug|Any CPU.ActiveCfg = Debug|Any CPU
		{040FC76E-4E8B-4993-A1B5-2EFC11ED3219}.Debug|Any CPU.Build.0 = Debug|Any CPU
		{040FC76E-4E8B-4993-A1B5-2EFC11ED3219}.Release|Any CPU.ActiveCfg = Release|Any CPU
		{040FC76E-4E8B-4993-A1B5-2EFC11ED3219}.Release|Any CPU.Build.0 = Release|Any CPU
		{BD9762DF-AAD0-4094-848F-A0B719D0A906}.Debug|Any CPU.ActiveCfg = Debug|Any CPU
		{BD9762DF-AAD0-4094-848F-A0B719D0A906}.Debug|Any CPU.Build.0 = Debug|Any CPU
		{BD9762DF-AAD0-4094-848F-A0B719D0A906}.Release|Any CPU.ActiveCfg = Release|Any CPU
		{BD9762DF-AAD0-4094-848F-A0B719D0A906}.Release|Any CPU.Build.0 = Release|Any CPU
		{0B4F3644-85FD-49A9-A280-442BE7E8597E}.Debug|Any CPU.ActiveCfg = Debug|Any CPU
		{0B4F3644-85FD-49A9-A280-442BE7E8597E}.Debug|Any CPU.Build.0 = Debug|Any CPU
		{0B4F3644-85FD-49A9-A280-442BE7E8597E}.Release|Any CPU.ActiveCfg = Release|Any CPU
		{0B4F3644-85FD-49A9-A280-442BE7E8597E}.Release|Any CPU.Build.0 = Release|Any CPU
		{9DAC04E3-DB90-4E65-B654-DD9ADA558501}.Debug|Any CPU.ActiveCfg = Debug|Any CPU
		{9DAC04E3-DB90-4E65-B654-DD9ADA558501}.Debug|Any CPU.Build.0 = Debug|Any CPU
		{9DAC04E3-DB90-4E65-B654-DD9ADA558501}.Release|Any CPU.ActiveCfg = Release|Any CPU
		{9DAC04E3-DB90-4E65-B654-DD9ADA558501}.Release|Any CPU.Build.0 = Release|Any CPU
		{FBF88C6C-9527-4093-94AA-5CC05ECFB4FC}.Debug|Any CPU.ActiveCfg = Debug|Any CPU
		{FBF88C6C-9527-4093-94AA-5CC05ECFB4FC}.Debug|Any CPU.Build.0 = Debug|Any CPU
		{FBF88C6C-9527-4093-94AA-5CC05ECFB4FC}.Release|Any CPU.ActiveCfg = Release|Any CPU
		{FBF88C6C-9527-4093-94AA-5CC05ECFB4FC}.Release|Any CPU.Build.0 = Release|Any CPU
		{8750B602-2EDF-4C9A-AE00-2A563AA8B1D4}.Debug|Any CPU.ActiveCfg = Debug|Any CPU
		{8750B602-2EDF-4C9A-AE00-2A563AA8B1D4}.Debug|Any CPU.Build.0 = Debug|Any CPU
		{8750B602-2EDF-4C9A-AE00-2A563AA8B1D4}.Release|Any CPU.ActiveCfg = Release|Any CPU
		{8750B602-2EDF-4C9A-AE00-2A563AA8B1D4}.Release|Any CPU.Build.0 = Release|Any CPU
		{4F2A3B26-9826-41D6-B192-4C4A3401B7C5}.Debug|Any CPU.ActiveCfg = Debug|Any CPU
		{4F2A3B26-9826-41D6-B192-4C4A3401B7C5}.Debug|Any CPU.Build.0 = Debug|Any CPU
		{4F2A3B26-9826-41D6-B192-4C4A3401B7C5}.Release|Any CPU.ActiveCfg = Release|Any CPU
		{4F2A3B26-9826-41D6-B192-4C4A3401B7C5}.Release|Any CPU.Build.0 = Release|Any CPU
		{86C9FDE0-806C-4EE2-926F-D5A16454B1C1}.Debug|Any CPU.ActiveCfg = Debug|Any CPU
		{86C9FDE0-806C-4EE2-926F-D5A16454B1C1}.Debug|Any CPU.Build.0 = Debug|Any CPU
		{86C9FDE0-806C-4EE2-926F-D5A16454B1C1}.Release|Any CPU.ActiveCfg = Release|Any CPU
		{86C9FDE0-806C-4EE2-926F-D5A16454B1C1}.Release|Any CPU.Build.0 = Release|Any CPU
		{8BF5907C-24DA-40C4-8C8D-6CB522629F33}.Debug|Any CPU.ActiveCfg = Debug|Any CPU
		{8BF5907C-24DA-40C4-8C8D-6CB522629F33}.Debug|Any CPU.Build.0 = Debug|Any CPU
		{8BF5907C-24DA-40C4-8C8D-6CB522629F33}.Release|Any CPU.ActiveCfg = Release|Any CPU
		{8BF5907C-24DA-40C4-8C8D-6CB522629F33}.Release|Any CPU.Build.0 = Release|Any CPU
		{4AD3DA4D-DFE7-4A65-9F74-18E56C7C4150}.Debug|Any CPU.ActiveCfg = Debug
		{4AD3DA4D-DFE7-4A65-9F74-18E56C7C4150}.Release|Any CPU.ActiveCfg = Release
		{4AD3DA4D-DFE7-4A65-9F74-18E56C7C4150}.Release|Any CPU.Build.0 = Release
		{1A311C9D-CF5C-4184-BE40-31EF9AF0E1C9}.Debug|Any CPU.ActiveCfg = Debug|Any CPU
		{1A311C9D-CF5C-4184-BE40-31EF9AF0E1C9}.Debug|Any CPU.Build.0 = Debug|Any CPU
		{1A311C9D-CF5C-4184-BE40-31EF9AF0E1C9}.Release|Any CPU.ActiveCfg = Release|Any CPU
		{1A311C9D-CF5C-4184-BE40-31EF9AF0E1C9}.Release|Any CPU.Build.0 = Release|Any CPU
	EndGlobalSection
	GlobalSection(SolutionProperties) = preSolution
		HideSolutionNode = FALSE
	EndGlobalSection
	GlobalSection(ExtensibilityGlobals) = postSolution
		SolutionGuid = {5A21C8F0-8CA0-44F7-B596-A88D915C46D0}
	EndGlobalSection
EndGlobal
